// !$*UTF8*$!
{
	archiveVersion = 1;
	classes = {
	};
	objectVersion = 46;
	objects = {

/* Begin PBXBuildFile section */
		106B9A6182DF98E835C09B47 /* ofxBaseGui.cpp in Sources */ = {isa = PBXBuildFile; fileRef = BA20A4B3FEF378FA209B9E4E /* ofxBaseGui.cpp */; };
		28DCB9949680410908EFD4D5 /* tinyxmlerror.cpp in Sources */ = {isa = PBXBuildFile; fileRef = 8AED12DBC5DC04739E95CD26 /* tinyxmlerror.cpp */; };
		40755491CDDD7249B25A1F2D /* ofxXmlSettings.cpp in Sources */ = {isa = PBXBuildFile; fileRef = BA80450995764F8FABAB1604 /* ofxXmlSettings.cpp */; };
		413B65A0F41D699F37AB4C06 /* ofxSliderGroup.cpp in Sources */ = {isa = PBXBuildFile; fileRef = 99B37C8367EB4811EEF8E78D /* ofxSliderGroup.cpp */; };
		4DBC3059B81D7A9EB5D5948A /* Plant.cpp in Sources */ = {isa = PBXBuildFile; fileRef = 141F4049DC27BA156532C02B /* Plant.cpp */; };
		729428251D247121006174F0 /* ofxSvg.cpp in Sources */ = {isa = PBXBuildFile; fileRef = 7294281A1D247121006174F0 /* ofxSvg.cpp */; };
		729428261D247121006174F0 /* src_colors.cpp in Sources */ = {isa = PBXBuildFile; fileRef = 7294281F1D247121006174F0 /* src_colors.cpp */; };
		729428271D247121006174F0 /* svgtiny.cpp in Sources */ = {isa = PBXBuildFile; fileRef = 729428201D247121006174F0 /* svgtiny.cpp */; };
		729428281D247121006174F0 /* svgtiny_gradient.cpp in Sources */ = {isa = PBXBuildFile; fileRef = 729428221D247121006174F0 /* svgtiny_gradient.cpp */; };
		729428291D247121006174F0 /* svgtiny_list.cpp in Sources */ = {isa = PBXBuildFile; fileRef = 729428241D247121006174F0 /* svgtiny_list.cpp */; };
		81BE400C35825643551A3190 /* ofxLabel.cpp in Sources */ = {isa = PBXBuildFile; fileRef = 73799D65360CD587DCAE90A0 /* ofxLabel.cpp */; };
		8AAF2BA4AFCBEC334841B989 /* tinyxmlparser.cpp in Sources */ = {isa = PBXBuildFile; fileRef = B0FB861B0D843DF212503B18 /* tinyxmlparser.cpp */; };
		A2953313263AE1234930247E /* ofxSlider.cpp in Sources */ = {isa = PBXBuildFile; fileRef = AEA7CD14AC4CC1AF68D59D19 /* ofxSlider.cpp */; };
		A61B54CA66E926867C59D2C6 /* ofxButton.cpp in Sources */ = {isa = PBXBuildFile; fileRef = AE859610F3926950EBBC8B13 /* ofxButton.cpp */; };
		B07D6C52C2FE371D2B91739E /* ofxToggle.cpp in Sources */ = {isa = PBXBuildFile; fileRef = E118568A6BABFFADB75DB858 /* ofxToggle.cpp */; };
		B8A4986AE3CFD44755D311C7 /* tinyxml.cpp in Sources */ = {isa = PBXBuildFile; fileRef = 126B1BBACED427BD4F54BC45 /* tinyxml.cpp */; };
		CE6F136678038366969711AB /* ofxPanel.cpp in Sources */ = {isa = PBXBuildFile; fileRef = 27CE0445D02D803853EC74E8 /* ofxPanel.cpp */; };
		CFFFBA144E8160ECC1C97982 /* ofxGuiGroup.cpp in Sources */ = {isa = PBXBuildFile; fileRef = BD6A6ADD1A79B85E833FBDF1 /* ofxGuiGroup.cpp */; };
		E4328149138ABC9F0047C5CB /* openFrameworksDebug.a in Frameworks */ = {isa = PBXBuildFile; fileRef = E4328148138ABC890047C5CB /* openFrameworksDebug.a */; };
		E4B69E200A3A1BDC003C02F2 /* main.cpp in Sources */ = {isa = PBXBuildFile; fileRef = E4B69E1D0A3A1BDC003C02F2 /* main.cpp */; };
		E4B69E210A3A1BDC003C02F2 /* ofApp.cpp in Sources */ = {isa = PBXBuildFile; fileRef = E4B69E1E0A3A1BDC003C02F2 /* ofApp.cpp */; };
		E9A9465C5A0ACD9DA342FAFB /* Branch.cpp in Sources */ = {isa = PBXBuildFile; fileRef = F10D680AE1A2BF1C15DDE17D /* Branch.cpp */; };
/* End PBXBuildFile section */

/* Begin PBXContainerItemProxy section */
		E4328147138ABC890047C5CB /* PBXContainerItemProxy */ = {
			isa = PBXContainerItemProxy;
			containerPortal = E4328143138ABC890047C5CB /* openFrameworksLib.xcodeproj */;
			proxyType = 2;
			remoteGlobalIDString = E4B27C1510CBEB8E00536013;
			remoteInfo = openFrameworks;
		};
		E4EEB9AB138B136A00A80321 /* PBXContainerItemProxy */ = {
			isa = PBXContainerItemProxy;
			containerPortal = E4328143138ABC890047C5CB /* openFrameworksLib.xcodeproj */;
			proxyType = 1;
			remoteGlobalIDString = E4B27C1410CBEB8E00536013;
			remoteInfo = openFrameworks;
		};
/* End PBXContainerItemProxy section */

/* Begin PBXCopyFilesBuildPhase section */
		E4C2427710CC5ABF004149E2 /* CopyFiles */ = {
			isa = PBXCopyFilesBuildPhase;
			buildActionMask = 2147483647;
			dstPath = "";
			dstSubfolderSpec = 10;
			files = (
			);
			runOnlyForDeploymentPostprocessing = 0;
		};
/* End PBXCopyFilesBuildPhase section */

/* Begin PBXFileReference section */
		126B1BBACED427BD4F54BC45 /* tinyxml.cpp */ = {isa = PBXFileReference; explicitFileType = sourcecode.cpp.cpp; fileEncoding = 30; name = tinyxml.cpp; path = ../../../../addons/ofxXmlSettings/libs/tinyxml.cpp; sourceTree = SOURCE_ROOT; };
		141F4049DC27BA156532C02B /* Plant.cpp */ = {isa = PBXFileReference; explicitFileType = sourcecode.cpp.cpp; fileEncoding = 30; name = Plant.cpp; path = src/Plant.cpp; sourceTree = SOURCE_ROOT; };
		27CE0445D02D803853EC74E8 /* ofxPanel.cpp */ = {isa = PBXFileReference; explicitFileType = sourcecode.cpp.cpp; fileEncoding = 30; name = ofxPanel.cpp; path = ../../../../addons/ofxGui/src/ofxPanel.cpp; sourceTree = SOURCE_ROOT; };
		44C0961009D36089EBA9C36F /* ofxGuiGroup.h */ = {isa = PBXFileReference; explicitFileType = sourcecode.c.h; fileEncoding = 30; name = ofxGuiGroup.h; path = ../../../../addons/ofxGui/src/ofxGuiGroup.h; sourceTree = SOURCE_ROOT; };
		481083C90D96C0AAA580E194 /* ofxButton.h */ = {isa = PBXFileReference; explicitFileType = sourcecode.c.h; fileEncoding = 30; name = ofxButton.h; path = ../../../../addons/ofxGui/src/ofxButton.h; sourceTree = SOURCE_ROOT; };
		4EBE44F173B46F539D0F4741 /* ofxPanel.h */ = {isa = PBXFileReference; explicitFileType = sourcecode.c.h; fileEncoding = 30; name = ofxPanel.h; path = ../../../../addons/ofxGui/src/ofxPanel.h; sourceTree = SOURCE_ROOT; };
		607FCA3A979EBCF02F0B00FC /* ofxGui.h */ = {isa = PBXFileReference; explicitFileType = sourcecode.c.h; fileEncoding = 30; name = ofxGui.h; path = ../../../../addons/ofxGui/src/ofxGui.h; sourceTree = SOURCE_ROOT; };
		6A7153E0F5EFF5622F1EB21F /* ofxXmlSettings.h */ = {isa = PBXFileReference; explicitFileType = sourcecode.c.h; fileEncoding = 30; name = ofxXmlSettings.h; path = ../../../../addons/ofxXmlSettings/src/ofxXmlSettings.h; sourceTree = SOURCE_ROOT; };
		7294281A1D247121006174F0 /* ofxSvg.cpp */ = {isa = PBXFileReference; lastKnownFileType = sourcecode.cpp.cpp; path = ofxSvg.cpp; sourceTree = "<group>"; };
		7294281B1D247121006174F0 /* ofxSvg.h */ = {isa = PBXFileReference; lastKnownFileType = sourcecode.c.h; path = ofxSvg.h; sourceTree = "<group>"; };
		7294281F1D247121006174F0 /* src_colors.cpp */ = {isa = PBXFileReference; lastKnownFileType = sourcecode.cpp.cpp; path = src_colors.cpp; sourceTree = "<group>"; };
		729428201D247121006174F0 /* svgtiny.cpp */ = {isa = PBXFileReference; lastKnownFileType = sourcecode.cpp.cpp; path = svgtiny.cpp; sourceTree = "<group>"; };
		729428211D247121006174F0 /* svgtiny.h */ = {isa = PBXFileReference; lastKnownFileType = sourcecode.c.h; path = svgtiny.h; sourceTree = "<group>"; };
		729428221D247121006174F0 /* svgtiny_gradient.cpp */ = {isa = PBXFileReference; lastKnownFileType = sourcecode.cpp.cpp; path = svgtiny_gradient.cpp; sourceTree = "<group>"; };
		729428231D247121006174F0 /* svgtiny_internal.h */ = {isa = PBXFileReference; lastKnownFileType = sourcecode.c.h; path = svgtiny_internal.h; sourceTree = "<group>"; };
		729428241D247121006174F0 /* svgtiny_list.cpp */ = {isa = PBXFileReference; lastKnownFileType = sourcecode.cpp.cpp; path = svgtiny_list.cpp; sourceTree = "<group>"; };
		73799D65360CD587DCAE90A0 /* ofxLabel.cpp */ = {isa = PBXFileReference; explicitFileType = sourcecode.cpp.cpp; fileEncoding = 30; name = ofxLabel.cpp; path = ../../../../addons/ofxGui/src/ofxLabel.cpp; sourceTree = SOURCE_ROOT; };
		740ACD54EBD7872A1F7C1BC9 /* Plant.hpp */ = {isa = PBXFileReference; explicitFileType = sourcecode.c.h; fileEncoding = 30; name = Plant.hpp; path = src/Plant.hpp; sourceTree = SOURCE_ROOT; };
		78F524ADA8DDC5DF3F460FA5 /* ofxToggle.h */ = {isa = PBXFileReference; explicitFileType = sourcecode.c.h; fileEncoding = 30; name = ofxToggle.h; path = ../../../../addons/ofxGui/src/ofxToggle.h; sourceTree = SOURCE_ROOT; };
		8AED12DBC5DC04739E95CD26 /* tinyxmlerror.cpp */ = {isa = PBXFileReference; explicitFileType = sourcecode.cpp.cpp; fileEncoding = 30; name = tinyxmlerror.cpp; path = ../../../../addons/ofxXmlSettings/libs/tinyxmlerror.cpp; sourceTree = SOURCE_ROOT; };
		8FBDBA8D2DCA49DC504F1850 /* tinyxml.h */ = {isa = PBXFileReference; explicitFileType = sourcecode.c.h; fileEncoding = 30; name = tinyxml.h; path = ../../../../addons/ofxXmlSettings/libs/tinyxml.h; sourceTree = SOURCE_ROOT; };
		99B37C8367EB4811EEF8E78D /* ofxSliderGroup.cpp */ = {isa = PBXFileReference; explicitFileType = sourcecode.cpp.cpp; fileEncoding = 30; name = ofxSliderGroup.cpp; path = ../../../../addons/ofxGui/src/ofxSliderGroup.cpp; sourceTree = SOURCE_ROOT; };
		AE859610F3926950EBBC8B13 /* ofxButton.cpp */ = {isa = PBXFileReference; explicitFileType = sourcecode.cpp.cpp; fileEncoding = 30; name = ofxButton.cpp; path = ../../../../addons/ofxGui/src/ofxButton.cpp; sourceTree = SOURCE_ROOT; };
		AEA7CD14AC4CC1AF68D59D19 /* ofxSlider.cpp */ = {isa = PBXFileReference; explicitFileType = sourcecode.cpp.cpp; fileEncoding = 30; name = ofxSlider.cpp; path = ../../../../addons/ofxGui/src/ofxSlider.cpp; sourceTree = SOURCE_ROOT; };
		B0FB861B0D843DF212503B18 /* tinyxmlparser.cpp */ = {isa = PBXFileReference; explicitFileType = sourcecode.cpp.cpp; fileEncoding = 30; name = tinyxmlparser.cpp; path = ../../../../addons/ofxXmlSettings/libs/tinyxmlparser.cpp; sourceTree = SOURCE_ROOT; };
		BA20A4B3FEF378FA209B9E4E /* ofxBaseGui.cpp */ = {isa = PBXFileReference; explicitFileType = sourcecode.cpp.cpp; fileEncoding = 30; name = ofxBaseGui.cpp; path = ../../../../addons/ofxGui/src/ofxBaseGui.cpp; sourceTree = SOURCE_ROOT; };
		BA80450995764F8FABAB1604 /* ofxXmlSettings.cpp */ = {isa = PBXFileReference; explicitFileType = sourcecode.cpp.cpp; fileEncoding = 30; name = ofxXmlSettings.cpp; path = ../../../../addons/ofxXmlSettings/src/ofxXmlSettings.cpp; sourceTree = SOURCE_ROOT; };
		BD6A6ADD1A79B85E833FBDF1 /* ofxGuiGroup.cpp */ = {isa = PBXFileReference; explicitFileType = sourcecode.cpp.cpp; fileEncoding = 30; name = ofxGuiGroup.cpp; path = ../../../../addons/ofxGui/src/ofxGuiGroup.cpp; sourceTree = SOURCE_ROOT; };
		CC050FCE6035B4BAFB0D11B1 /* ofxSliderGroup.h */ = {isa = PBXFileReference; explicitFileType = sourcecode.c.h; fileEncoding = 30; name = ofxSliderGroup.h; path = ../../../../addons/ofxGui/src/ofxSliderGroup.h; sourceTree = SOURCE_ROOT; };
		D41FA502010DB4C51A4C1390 /* ofxSlider.h */ = {isa = PBXFileReference; explicitFileType = sourcecode.c.h; fileEncoding = 30; name = ofxSlider.h; path = ../../../../addons/ofxGui/src/ofxSlider.h; sourceTree = SOURCE_ROOT; };
		DFFF9BC1032CCC1E80C95E9E /* Branch.hpp */ = {isa = PBXFileReference; explicitFileType = sourcecode.c.h; fileEncoding = 30; name = Branch.hpp; path = src/Branch.hpp; sourceTree = SOURCE_ROOT; };
		E118568A6BABFFADB75DB858 /* ofxToggle.cpp */ = {isa = PBXFileReference; explicitFileType = sourcecode.cpp.cpp; fileEncoding = 30; name = ofxToggle.cpp; path = ../../../../addons/ofxGui/src/ofxToggle.cpp; sourceTree = SOURCE_ROOT; };
		E4328143138ABC890047C5CB /* openFrameworksLib.xcodeproj */ = {isa = PBXFileReference; lastKnownFileType = "wrapper.pb-project"; name = openFrameworksLib.xcodeproj; path = ../../../../libs/openFrameworksCompiled/project/osx/openFrameworksLib.xcodeproj; sourceTree = SOURCE_ROOT; };
		E4B69B5B0A3A1756003C02F2 /* PlantDebug.app */ = {isa = PBXFileReference; explicitFileType = wrapper.application; includeInIndex = 0; path = PlantDebug.app; sourceTree = BUILT_PRODUCTS_DIR; };
		E4B69E1D0A3A1BDC003C02F2 /* main.cpp */ = {isa = PBXFileReference; fileEncoding = 30; lastKnownFileType = sourcecode.cpp.cpp; name = main.cpp; path = src/main.cpp; sourceTree = SOURCE_ROOT; };
		E4B69E1E0A3A1BDC003C02F2 /* ofApp.cpp */ = {isa = PBXFileReference; explicitFileType = sourcecode.cpp.cpp; fileEncoding = 30; name = ofApp.cpp; path = src/ofApp.cpp; sourceTree = SOURCE_ROOT; };
		E4B69E1F0A3A1BDC003C02F2 /* ofApp.h */ = {isa = PBXFileReference; fileEncoding = 30; lastKnownFileType = sourcecode.c.h; name = ofApp.h; path = src/ofApp.h; sourceTree = SOURCE_ROOT; };
		E4B6FCAD0C3E899E008CF71C /* openFrameworks-Info.plist */ = {isa = PBXFileReference; fileEncoding = 30; lastKnownFileType = text.plist.xml; path = "openFrameworks-Info.plist"; sourceTree = "<group>"; };
		E4EB691F138AFCF100A09F29 /* CoreOF.xcconfig */ = {isa = PBXFileReference; fileEncoding = 4; lastKnownFileType = text.xcconfig; name = CoreOF.xcconfig; path = ../../../../libs/openFrameworksCompiled/project/osx/CoreOF.xcconfig; sourceTree = SOURCE_ROOT; };
		E4EB6923138AFD0F00A09F29 /* Project.xcconfig */ = {isa = PBXFileReference; fileEncoding = 4; lastKnownFileType = text.xcconfig; path = Project.xcconfig; sourceTree = "<group>"; };
		EE3013E1AD254D862ADCA585 /* ofxBaseGui.h */ = {isa = PBXFileReference; explicitFileType = sourcecode.c.h; fileEncoding = 30; name = ofxBaseGui.h; path = ../../../../addons/ofxGui/src/ofxBaseGui.h; sourceTree = SOURCE_ROOT; };
		F100E30570234E337922C10C /* ofxLabel.h */ = {isa = PBXFileReference; explicitFileType = sourcecode.c.h; fileEncoding = 30; name = ofxLabel.h; path = ../../../../addons/ofxGui/src/ofxLabel.h; sourceTree = SOURCE_ROOT; };
		F10D680AE1A2BF1C15DDE17D /* Branch.cpp */ = {isa = PBXFileReference; explicitFileType = sourcecode.cpp.cpp; fileEncoding = 30; name = Branch.cpp; path = src/Branch.cpp; sourceTree = SOURCE_ROOT; };
/* End PBXFileReference section */

/* Begin PBXFrameworksBuildPhase section */
		E4B69B590A3A1756003C02F2 /* Frameworks */ = {
			isa = PBXFrameworksBuildPhase;
			buildActionMask = 2147483647;
			files = (
				E4328149138ABC9F0047C5CB /* openFrameworksDebug.a in Frameworks */,
			);
			runOnlyForDeploymentPostprocessing = 0;
		};
/* End PBXFrameworksBuildPhase section */

/* Begin PBXGroup section */
		1F4FB5C423662B96ADFDCC0B /* ofxXmlSettings */ = {
			isa = PBXGroup;
			children = (
				6ECEF0D76BC33727823EADFF /* src */,
				6E54289412D2D94F45A05113 /* libs */,
			);
			name = ofxXmlSettings;
			sourceTree = "<group>";
		};
		480A780D8D0308AE4A368801 /* ofxGui */ = {
			isa = PBXGroup;
			children = (
				A763ED608B35AE3310251DEE /* src */,
			);
			name = ofxGui;
			sourceTree = "<group>";
		};
		6948EE371B920CB800B5AC1A /* local_addons */ = {
			isa = PBXGroup;
			children = (
			);
			name = local_addons;
			sourceTree = "<group>";
		};
		6E54289412D2D94F45A05113 /* libs */ = {
			isa = PBXGroup;
			children = (
				126B1BBACED427BD4F54BC45 /* tinyxml.cpp */,
				8FBDBA8D2DCA49DC504F1850 /* tinyxml.h */,
				8AED12DBC5DC04739E95CD26 /* tinyxmlerror.cpp */,
				B0FB861B0D843DF212503B18 /* tinyxmlparser.cpp */,
			);
			name = libs;
			sourceTree = "<group>";
		};
		6ECEF0D76BC33727823EADFF /* src */ = {
			isa = PBXGroup;
			children = (
				BA80450995764F8FABAB1604 /* ofxXmlSettings.cpp */,
				6A7153E0F5EFF5622F1EB21F /* ofxXmlSettings.h */,
			);
			name = src;
			sourceTree = "<group>";
		};
		729428181D247121006174F0 /* ofxSvg */ = {
			isa = PBXGroup;
			children = (
				729428191D247121006174F0 /* src */,
				7294281C1D247121006174F0 /* libs */,
			);
			name = ofxSvg;
			sourceTree = "<group>";
		};
		729428191D247121006174F0 /* src */ = {
			isa = PBXGroup;
			children = (
				7294281A1D247121006174F0 /* ofxSvg.cpp */,
				7294281B1D247121006174F0 /* ofxSvg.h */,
			);
			name = src;
			path = ../../../../addons/ofxSvg/src;
			sourceTree = "<group>";
		};
		7294281C1D247121006174F0 /* libs */ = {
			isa = PBXGroup;
			children = (
				7294281D1D247121006174F0 /* svgTiny */,
			);
			name = libs;
			path = ../../../../addons/ofxSvg/libs;
			sourceTree = "<group>";
		};
		7294281D1D247121006174F0 /* svgTiny */ = {
			isa = PBXGroup;
			children = (
				7294281E1D247121006174F0 /* src */,
			);
			path = svgTiny;
			sourceTree = "<group>";
		};
		7294281E1D247121006174F0 /* src */ = {
			isa = PBXGroup;
			children = (
				7294281F1D247121006174F0 /* src_colors.cpp */,
				729428201D247121006174F0 /* svgtiny.cpp */,
				729428211D247121006174F0 /* svgtiny.h */,
				729428221D247121006174F0 /* svgtiny_gradient.cpp */,
				729428231D247121006174F0 /* svgtiny_internal.h */,
				729428241D247121006174F0 /* svgtiny_list.cpp */,
			);
			path = src;
			sourceTree = "<group>";
		};
		A763ED608B35AE3310251DEE /* src */ = {
			isa = PBXGroup;
			children = (
				BA20A4B3FEF378FA209B9E4E /* ofxBaseGui.cpp */,
				EE3013E1AD254D862ADCA585 /* ofxBaseGui.h */,
				AE859610F3926950EBBC8B13 /* ofxButton.cpp */,
				481083C90D96C0AAA580E194 /* ofxButton.h */,
				607FCA3A979EBCF02F0B00FC /* ofxGui.h */,
				BD6A6ADD1A79B85E833FBDF1 /* ofxGuiGroup.cpp */,
				44C0961009D36089EBA9C36F /* ofxGuiGroup.h */,
				73799D65360CD587DCAE90A0 /* ofxLabel.cpp */,
				F100E30570234E337922C10C /* ofxLabel.h */,
				27CE0445D02D803853EC74E8 /* ofxPanel.cpp */,
				4EBE44F173B46F539D0F4741 /* ofxPanel.h */,
				AEA7CD14AC4CC1AF68D59D19 /* ofxSlider.cpp */,
				D41FA502010DB4C51A4C1390 /* ofxSlider.h */,
				99B37C8367EB4811EEF8E78D /* ofxSliderGroup.cpp */,
				CC050FCE6035B4BAFB0D11B1 /* ofxSliderGroup.h */,
				E118568A6BABFFADB75DB858 /* ofxToggle.cpp */,
				78F524ADA8DDC5DF3F460FA5 /* ofxToggle.h */,
			);
			name = src;
			sourceTree = "<group>";
		};
		BB4B014C10F69532006C3DED /* addons */ = {
			isa = PBXGroup;
			children = (
				480A780D8D0308AE4A368801 /* ofxGui */,
				1F4FB5C423662B96ADFDCC0B /* ofxXmlSettings */,
				729428181D247121006174F0 /* ofxSvg */,
			);
			name = addons;
			sourceTree = "<group>";
		};
		E4328144138ABC890047C5CB /* Products */ = {
			isa = PBXGroup;
			children = (
				E4328148138ABC890047C5CB /* openFrameworksDebug.a */,
			);
			name = Products;
			sourceTree = "<group>";
		};
		E4B69B4A0A3A1720003C02F2 = {
			isa = PBXGroup;
			children = (
				E4B6FCAD0C3E899E008CF71C /* openFrameworks-Info.plist */,
				E4EB6923138AFD0F00A09F29 /* Project.xcconfig */,
				E4B69E1C0A3A1BDC003C02F2 /* src */,
				E4EEC9E9138DF44700A80321 /* openFrameworks */,
				BB4B014C10F69532006C3DED /* addons */,
				6948EE371B920CB800B5AC1A /* local_addons */,
				E4B69B5B0A3A1756003C02F2 /* PlantDebug.app */,
			);
			sourceTree = "<group>";
		};
		E4B69E1C0A3A1BDC003C02F2 /* src */ = {
			isa = PBXGroup;
			children = (
				E4B69E1D0A3A1BDC003C02F2 /* main.cpp */,
				E4B69E1E0A3A1BDC003C02F2 /* ofApp.cpp */,
				E4B69E1F0A3A1BDC003C02F2 /* ofApp.h */,
				141F4049DC27BA156532C02B /* Plant.cpp */,
				740ACD54EBD7872A1F7C1BC9 /* Plant.hpp */,
				F10D680AE1A2BF1C15DDE17D /* Branch.cpp */,
				DFFF9BC1032CCC1E80C95E9E /* Branch.hpp */,
			);
			path = src;
			sourceTree = SOURCE_ROOT;
		};
		E4EEC9E9138DF44700A80321 /* openFrameworks */ = {
			isa = PBXGroup;
			children = (
				E4EB691F138AFCF100A09F29 /* CoreOF.xcconfig */,
				E4328143138ABC890047C5CB /* openFrameworksLib.xcodeproj */,
			);
			name = openFrameworks;
			sourceTree = "<group>";
		};
/* End PBXGroup section */

/* Begin PBXNativeTarget section */
		E4B69B5A0A3A1756003C02F2 /* Plant */ = {
			isa = PBXNativeTarget;
			buildConfigurationList = E4B69B5F0A3A1757003C02F2 /* Build configuration list for PBXNativeTarget "Plant" */;
			buildPhases = (
				E4B69B580A3A1756003C02F2 /* Sources */,
				E4B69B590A3A1756003C02F2 /* Frameworks */,
				E4B6FFFD0C3F9AB9008CF71C /* ShellScript */,
				E4C2427710CC5ABF004149E2 /* CopyFiles */,
			);
			buildRules = (
			);
			dependencies = (
				E4EEB9AC138B136A00A80321 /* PBXTargetDependency */,
			);
			name = Plant;
			productName = myOFApp;
			productReference = E4B69B5B0A3A1756003C02F2 /* PlantDebug.app */;
			productType = "com.apple.product-type.application";
		};
/* End PBXNativeTarget section */

/* Begin PBXProject section */
		E4B69B4C0A3A1720003C02F2 /* Project object */ = {
			isa = PBXProject;
			attributes = {
				LastUpgradeCheck = 0600;
			};
			buildConfigurationList = E4B69B4D0A3A1720003C02F2 /* Build configuration list for PBXProject "Plant" */;
			compatibilityVersion = "Xcode 3.2";
			developmentRegion = English;
			hasScannedForEncodings = 0;
			knownRegions = (
				English,
				Japanese,
				French,
				German,
			);
			mainGroup = E4B69B4A0A3A1720003C02F2;
			productRefGroup = E4B69B4A0A3A1720003C02F2;
			projectDirPath = "";
			projectReferences = (
				{
					ProductGroup = E4328144138ABC890047C5CB /* Products */;
					ProjectRef = E4328143138ABC890047C5CB /* openFrameworksLib.xcodeproj */;
				},
			);
			projectRoot = "";
			targets = (
				E4B69B5A0A3A1756003C02F2 /* Plant */,
			);
		};
/* End PBXProject section */

/* Begin PBXReferenceProxy section */
		E4328148138ABC890047C5CB /* openFrameworksDebug.a */ = {
			isa = PBXReferenceProxy;
			fileType = archive.ar;
			path = openFrameworksDebug.a;
			remoteRef = E4328147138ABC890047C5CB /* PBXContainerItemProxy */;
			sourceTree = BUILT_PRODUCTS_DIR;
		};
/* End PBXReferenceProxy section */

/* Begin PBXShellScriptBuildPhase section */
		E4B6FFFD0C3F9AB9008CF71C /* ShellScript */ = {
			isa = PBXShellScriptBuildPhase;
			buildActionMask = 2147483647;
			files = (
			);
			inputPaths = (
			);
			outputPaths = (
			);
			runOnlyForDeploymentPostprocessing = 0;
			shellPath = /bin/sh;
			shellScript = "rsync -aved ../../../../libs/fmodex/lib/osx/libfmodex.dylib \"$TARGET_BUILD_DIR/$PRODUCT_NAME.app/Contents/MacOS/\"; install_name_tool -change ./libfmodex.dylib @executable_path/libfmodex.dylib \"$TARGET_BUILD_DIR/$PRODUCT_NAME.app/Contents/MacOS/$PRODUCT_NAME\";\nmkdir -p \"$TARGET_BUILD_DIR/$PRODUCT_NAME.app/Contents/Resources/\"\nrsync -aved \"$ICON_FILE\" \"$TARGET_BUILD_DIR/$PRODUCT_NAME.app/Contents/Resources/\"\nrsync -aved ../../../../libs/glut/lib/osx/GLUT.framework \"$TARGET_BUILD_DIR/$PRODUCT_NAME.app/Contents/Frameworks/\"\n";
		};
/* End PBXShellScriptBuildPhase section */

/* Begin PBXSourcesBuildPhase section */
		E4B69B580A3A1756003C02F2 /* Sources */ = {
			isa = PBXSourcesBuildPhase;
			buildActionMask = 2147483647;
			files = (
				E4B69E200A3A1BDC003C02F2 /* main.cpp in Sources */,
				E4B69E210A3A1BDC003C02F2 /* ofApp.cpp in Sources */,
				729428281D247121006174F0 /* svgtiny_gradient.cpp in Sources */,
				4DBC3059B81D7A9EB5D5948A /* Plant.cpp in Sources */,
				E9A9465C5A0ACD9DA342FAFB /* Branch.cpp in Sources */,
				729428261D247121006174F0 /* src_colors.cpp in Sources */,
				106B9A6182DF98E835C09B47 /* ofxBaseGui.cpp in Sources */,
				A61B54CA66E926867C59D2C6 /* ofxButton.cpp in Sources */,
				CFFFBA144E8160ECC1C97982 /* ofxGuiGroup.cpp in Sources */,
				81BE400C35825643551A3190 /* ofxLabel.cpp in Sources */,
				CE6F136678038366969711AB /* ofxPanel.cpp in Sources */,
				A2953313263AE1234930247E /* ofxSlider.cpp in Sources */,
				413B65A0F41D699F37AB4C06 /* ofxSliderGroup.cpp in Sources */,
				B07D6C52C2FE371D2B91739E /* ofxToggle.cpp in Sources */,
				729428271D247121006174F0 /* svgtiny.cpp in Sources */,
				40755491CDDD7249B25A1F2D /* ofxXmlSettings.cpp in Sources */,
				B8A4986AE3CFD44755D311C7 /* tinyxml.cpp in Sources */,
				729428251D247121006174F0 /* ofxSvg.cpp in Sources */,
				28DCB9949680410908EFD4D5 /* tinyxmlerror.cpp in Sources */,
				729428291D247121006174F0 /* svgtiny_list.cpp in Sources */,
				8AAF2BA4AFCBEC334841B989 /* tinyxmlparser.cpp in Sources */,
			);
			runOnlyForDeploymentPostprocessing = 0;
		};
/* End PBXSourcesBuildPhase section */

/* Begin PBXTargetDependency section */
		E4EEB9AC138B136A00A80321 /* PBXTargetDependency */ = {
			isa = PBXTargetDependency;
			name = openFrameworks;
			targetProxy = E4EEB9AB138B136A00A80321 /* PBXContainerItemProxy */;
		};
/* End PBXTargetDependency section */

/* Begin XCBuildConfiguration section */
		E4B69B4E0A3A1720003C02F2 /* Debug */ = {
			isa = XCBuildConfiguration;
			baseConfigurationReference = E4EB6923138AFD0F00A09F29 /* Project.xcconfig */;
			buildSettings = {
				CONFIGURATION_BUILD_DIR = "$(SRCROOT)/bin/";
				COPY_PHASE_STRIP = NO;
				DEAD_CODE_STRIPPING = YES;
				GCC_AUTO_VECTORIZATION = YES;
				GCC_ENABLE_SSE3_EXTENSIONS = YES;
				GCC_ENABLE_SUPPLEMENTAL_SSE3_INSTRUCTIONS = YES;
				GCC_INLINES_ARE_PRIVATE_EXTERN = NO;
				GCC_OPTIMIZATION_LEVEL = 0;
				GCC_SYMBOLS_PRIVATE_EXTERN = NO;
				GCC_WARN_ABOUT_DEPRECATED_FUNCTIONS = YES;
				GCC_WARN_ABOUT_INVALID_OFFSETOF_MACRO = NO;
				GCC_WARN_ALLOW_INCOMPLETE_PROTOCOL = NO;
				GCC_WARN_UNINITIALIZED_AUTOS = NO;
				GCC_WARN_UNUSED_VALUE = NO;
				GCC_WARN_UNUSED_VARIABLE = NO;
				HEADER_SEARCH_PATHS = (
					"$(OF_CORE_HEADERS)",
					src,
					../../../../addons/ofxGui/src,
					../../../../addons/ofxXmlSettings/libs,
					../../../../addons/ofxXmlSettings/src,
				);
				MACOSX_DEPLOYMENT_TARGET = 10.8;
				ONLY_ACTIVE_ARCH = YES;
				OTHER_CPLUSPLUSFLAGS = (
					"-D__MACOSX_CORE__",
					"-mtune=native",
				);
				SDKROOT = macosx;
			};
			name = Debug;
		};
		E4B69B4F0A3A1720003C02F2 /* Release */ = {
			isa = XCBuildConfiguration;
			baseConfigurationReference = E4EB6923138AFD0F00A09F29 /* Project.xcconfig */;
			buildSettings = {
				CONFIGURATION_BUILD_DIR = "$(SRCROOT)/bin/";
				COPY_PHASE_STRIP = YES;
				DEAD_CODE_STRIPPING = YES;
				GCC_AUTO_VECTORIZATION = YES;
				GCC_ENABLE_SSE3_EXTENSIONS = YES;
				GCC_ENABLE_SUPPLEMENTAL_SSE3_INSTRUCTIONS = YES;
				GCC_INLINES_ARE_PRIVATE_EXTERN = NO;
				GCC_OPTIMIZATION_LEVEL = 3;
				GCC_SYMBOLS_PRIVATE_EXTERN = NO;
				GCC_UNROLL_LOOPS = YES;
				GCC_WARN_ABOUT_DEPRECATED_FUNCTIONS = YES;
				GCC_WARN_ABOUT_INVALID_OFFSETOF_MACRO = NO;
				GCC_WARN_ALLOW_INCOMPLETE_PROTOCOL = NO;
				GCC_WARN_UNINITIALIZED_AUTOS = NO;
				GCC_WARN_UNUSED_VALUE = NO;
				GCC_WARN_UNUSED_VARIABLE = NO;
				HEADER_SEARCH_PATHS = (
					"$(OF_CORE_HEADERS)",
					src,
					../../../../addons/ofxGui/src,
					../../../../addons/ofxXmlSettings/libs,
					../../../../addons/ofxXmlSettings/src,
				);
				MACOSX_DEPLOYMENT_TARGET = 10.8;
				OTHER_CPLUSPLUSFLAGS = (
					"-D__MACOSX_CORE__",
					"-mtune=native",
				);
				SDKROOT = macosx;
			};
			name = Release;
		};
		E4B69B600A3A1757003C02F2 /* Debug */ = {
			isa = XCBuildConfiguration;
			baseConfigurationReference = E4EB6923138AFD0F00A09F29 /* Project.xcconfig */;
			buildSettings = {
				COMBINE_HIDPI_IMAGES = YES;
				COPY_PHASE_STRIP = NO;
				FRAMEWORK_SEARCH_PATHS = (
					"$(inherited)",
					"$(FRAMEWORK_SEARCH_PATHS_QUOTED_FOR_TARGET_1)",
				);
				FRAMEWORK_SEARCH_PATHS_QUOTED_FOR_TARGET_1 = "\"$(SRCROOT)/../../../../libs/glut/lib/osx\"";
				GCC_DYNAMIC_NO_PIC = NO;
				GCC_GENERATE_DEBUGGING_SYMBOLS = YES;
				GCC_MODEL_TUNING = NONE;
				HEADER_SEARCH_PATHS = (
					"$(OF_CORE_HEADERS)",
					src,
					../../../../addons/ofxGui/src,
					../../../../addons/ofxXmlSettings/libs,
					../../../../addons/ofxXmlSettings/src,
				);
				ICON = "$(ICON_NAME_DEBUG)";
				ICON_FILE = "$(ICON_FILE_PATH)$(ICON)";
				INFOPLIST_FILE = "openFrameworks-Info.plist";
				INSTALL_PATH = "$(HOME)/Applications";
				LIBRARY_SEARCH_PATHS = "$(inherited)";
				PRODUCT_NAME = "$(TARGET_NAME)Debug";
				USER_HEADER_SEARCH_PATHS = "";
				WRAPPER_EXTENSION = app;
			};
			name = Debug;
		};
		E4B69B610A3A1757003C02F2 /* Release */ = {
			isa = XCBuildConfiguration;
			baseConfigurationReference = E4EB6923138AFD0F00A09F29 /* Project.xcconfig */;
			buildSettings = {
				COMBINE_HIDPI_IMAGES = YES;
				COPY_PHASE_STRIP = YES;
				FRAMEWORK_SEARCH_PATHS = (
					"$(inherited)",
					"$(FRAMEWORK_SEARCH_PATHS_QUOTED_FOR_TARGET_1)",
				);
				FRAMEWORK_SEARCH_PATHS_QUOTED_FOR_TARGET_1 = "\"$(SRCROOT)/../../../../libs/glut/lib/osx\"";
				GCC_GENERATE_DEBUGGING_SYMBOLS = YES;
				GCC_MODEL_TUNING = NONE;
				HEADER_SEARCH_PATHS = (
					"$(OF_CORE_HEADERS)",
					src,
					../../../../addons/ofxGui/src,
					../../../../addons/ofxXmlSettings/libs,
					../../../../addons/ofxXmlSettings/src,
				);
				ICON = "$(ICON_NAME_RELEASE)";
				ICON_FILE = "$(ICON_FILE_PATH)$(ICON)";
				INFOPLIST_FILE = "openFrameworks-Info.plist";
				INSTALL_PATH = "$(HOME)/Applications";
				LIBRARY_SEARCH_PATHS = "$(inherited)";
				PRODUCT_NAME = "$(TARGET_NAME)";
				USER_HEADER_SEARCH_PATHS = "";
				WRAPPER_EXTENSION = app;
				baseConfigurationReference = E4EB6923138AFD0F00A09F29;
			};
			name = Release;
		};
/* End XCBuildConfiguration section */

/* Begin XCConfigurationList section */
		E4B69B4D0A3A1720003C02F2 /* Build configuration list for PBXProject "Plant" */ = {
			isa = XCConfigurationList;
			buildConfigurations = (
				E4B69B4E0A3A1720003C02F2 /* Debug */,
				E4B69B4F0A3A1720003C02F2 /* Release */,
			);
			defaultConfigurationIsVisible = 0;
			defaultConfigurationName = Release;
		};
		E4B69B5F0A3A1757003C02F2 /* Build configuration list for PBXNativeTarget "Plant" */ = {
			isa = XCConfigurationList;
			buildConfigurations = (
				E4B69B600A3A1757003C02F2 /* Debug */,
				E4B69B610A3A1757003C02F2 /* Release */,
			);
			defaultConfigurationIsVisible = 0;
			defaultConfigurationName = Release;
		};
/* End XCConfigurationList section */
	};
	rootObject = E4B69B4C0A3A1720003C02F2 /* Project object */;
}
